lockfileVersion: '9.0'

settings:
  autoInstallPeers: true
  excludeLinksFromLockfile: false

importers:

  .:
    devDependencies:
      '@marcalexiei/prettier-config':
        specifier: 1.1.1
        version: 1.1.1(prettier@3.5.3)
      '@types/node':
        specifier: 22.15.30
        version: 22.15.30
      prettier:
        specifier: 3.5.3
        version: 3.5.3
      rolldown:
        specifier: 1.0.0-beta.11
        version: 1.0.0-beta.11
      typescript:
        specifier: 5.8.3
        version: 5.8.3

  examples/preserve-modules: {}

  examples/simple:
    dependencies:
      '@types/react':
        specifier: 19.1.3
        version: 19.1.3
      '@types/react-dom':
        specifier: 19.1.3
        version: 19.1.3(@types/react@19.1.3)
      react:
        specifier: 19.1.0
        version: 19.1.0
      react-dom:
        specifier: 19.1.0
        version: 19.1.0(react@19.1.0)

packages:

  '@emnapi/core@1.4.3':
    resolution: {integrity: sha512-4m62DuCE07lw01soJwPiBGC0nAww0Q+RY70VZ+n49yDIO13yyinhbWCeNnaob0lakDtWQzSdtNWzJeOJt2ma+g==}

  '@emnapi/runtime@1.4.3':
    resolution: {integrity: sha512-pBPWdu6MLKROBX05wSNKcNb++m5Er+KQ9QkB+WVM+pW2Kx9hoSrVTnu3BdkI5eBLZoKu/J6mW/B6i6bJB2ytXQ==}

  '@emnapi/wasi-threads@1.0.2':
    resolution: {integrity: sha512-5n3nTJblwRi8LlXkJ9eBzu+kZR8Yxcc7ubakyQTFzPMtIhFpUBRbsnc2Dv88IZDIbCDlBiWrknhB4Lsz7mg6BA==}

  '@marcalexiei/prettier-config@1.1.1':
    resolution: {integrity: sha512-ET4v09kfT1LzgHB0b4LByfUM76H6BgOaxdKd6GGj7qRBJ3g/2Mke+Uu2+9Qy8f7UpruxCjeLkJ5hDsZoi1dH5Q==}
    engines: {node: '>= 20'}
    peerDependencies:
      prettier: ^2.8.0 || ^3.0.0

  '@napi-rs/wasm-runtime@0.2.10':
    resolution: {integrity: sha512-bCsCyeZEwVErsGmyPNSzwfwFn4OdxBj0mmv6hOFucB/k81Ojdu68RbZdxYsRQUPc9l6SU5F/cG+bXgWs3oUgsQ==}

  '@oxc-project/runtime@0.72.2':
    resolution: {integrity: sha512-J2lsPDen2mFs3cOA1gIBd0wsHEhum2vTnuKIRwmj3HJJcIz/XgeNdzvgSOioIXOJgURIpcDaK05jwaDG1rhDwg==}
    engines: {node: '>=6.9.0'}

  '@oxc-project/types@0.72.2':
    resolution: {integrity: sha512-il5RF8AP85XC0CMjHF4cnVT9nT/v/ocm6qlZQpSiAR9qBbQMGkFKloBZwm7PcnOdiUX97yHgsKM7uDCCWCu3tg==}

  '@rolldown/binding-darwin-arm64@1.0.0-beta.11':
    resolution: {integrity: sha512-2yMcrMd1DHYKHMTtY9fCo4TIeDQMvSfnHovXRh/BW+1E00mVu+H84UE0VFEPNedwLKW2Jg91mjfq1s6D/wVIzw==}
    cpu: [arm64]
    os: [darwin]

  '@rolldown/binding-darwin-x64@1.0.0-beta.11':
    resolution: {integrity: sha512-iP8GIEJ4UPlO5DD16d7OjRd3NLsuyer4nVYNnK8KqgjntxXQzDJoU8JzDIf0ujDk6KqrXgRloJWmbZziHOaCqA==}
    cpu: [x64]
    os: [darwin]

  '@rolldown/binding-freebsd-x64@1.0.0-beta.11':
    resolution: {integrity: sha512-w9DDiyGiHZwZbO5K/wALTslP93GiLDb/YYLiu9W4fOAmbZJE86FMf48Ltjtk7OVRwSMaHmbA7nYnft5xZQwchg==}
    cpu: [x64]
    os: [freebsd]

  '@rolldown/binding-linux-arm-gnueabihf@1.0.0-beta.11':
    resolution: {integrity: sha512-7Pd8I5lpELYtXWR3ByPuVa0tRkdCXOFyRHGTBLkZYjVD2XDn1d0i4EqmWZi1c29aTJFfZFOrQ9weXDyVQ+m8pQ==}
    cpu: [arm]
    os: [linux]

  '@rolldown/binding-linux-arm64-gnu@1.0.0-beta.11':
    resolution: {integrity: sha512-MxIa55Y7SczCv+wx/gr8IrIsJh8acXP2hfXs9GCtKdeMEk+vTo78oMNN/Wm3Ctg9TkIlkBu+JLcPPcXqt1I0Qw==}
    cpu: [arm64]
    os: [linux]

  '@rolldown/binding-linux-arm64-musl@1.0.0-beta.11':
    resolution: {integrity: sha512-My8Vq1n2Z4Wc3L+3u5f5eL4SSwELfOUSl9UpPejBmDA8llfjFrQ3sm3zhcqEAzmSEzGpU+bLUfh2P/GKVnjykg==}
    cpu: [arm64]
    os: [linux]

  '@rolldown/binding-linux-x64-gnu@1.0.0-beta.11':
    resolution: {integrity: sha512-3Frex4MdJcotcK8hK3SS0CVcjLbaP8s+4aSPW6LiOsIB6bGQtiZ22+VjkIJkUWYN1IvMeSXugsHLZ/GRPHlmMw==}
    cpu: [x64]
    os: [linux]

  '@rolldown/binding-linux-x64-musl@1.0.0-beta.11':
    resolution: {integrity: sha512-C95b2ItTidz5TDHbbWQ6rNms35/tzzfQtfKAvTABuk4cvE9dMpHpZjpYDcLh8yqmzBYDU4uPn+8kqRIQqt4U+A==}
    cpu: [x64]
    os: [linux]

  '@rolldown/binding-wasm32-wasi@1.0.0-beta.11':
    resolution: {integrity: sha512-V5MOsi6NGRb/Zfx+8ihicQoUNtPKw6Vrj9uk+7QhsX40yaEQZYdbnw7TUyErfLLMz25JOK2tvjT0V0udLKQUYQ==}
    engines: {node: '>=14.21.3'}
    cpu: [wasm32]

  '@rolldown/binding-win32-arm64-msvc@1.0.0-beta.11':
    resolution: {integrity: sha512-k4ZcHLJsTqWzLTFDOxn/FXtgGRlT5vuVJAIGC1ffJDf42TA02O2ZIzFQCX3FMa6/TtW/40g7P7fzH7rpw3CV6A==}
    cpu: [arm64]
    os: [win32]

  '@rolldown/binding-win32-ia32-msvc@1.0.0-beta.11':
    resolution: {integrity: sha512-mdnWQ1jDJ83r8aEcHUgcsx5Po8uYnVkdB8DLrNUI+krx9HoPd+jNEQjuLdULH/dj81+h+Gu+UMxGHQQqhhaV7Q==}
    cpu: [ia32]
    os: [win32]

  '@rolldown/binding-win32-x64-msvc@1.0.0-beta.11':
    resolution: {integrity: sha512-T7eTANffCdfeRut/MBVD2hYtgaKI18qCuk4d5VyG0jcXdqKvZhlIXTJctwRHbBRANNu3LmMP17ZKRt34+jthZw==}
    cpu: [x64]
    os: [win32]

  '@rolldown/pluginutils@1.0.0-beta.11':
    resolution: {integrity: sha512-L/gAA/hyCSuzTF1ftlzUSI/IKr2POHsv1Dd78GfqkR83KMNuswWD61JxGV2L7nRwBBBSDr6R1gCkdTmoN7W4ag==}

  '@tybys/wasm-util@0.9.0':
    resolution: {integrity: sha512-6+7nlbMVX/PVDCwaIQ8nTOPveOcFLSt8GcXdx8hD0bt39uWxYT88uXzqTd4fTvqta7oeUJqudepapKNt2DYJFw==}

  '@types/node@22.15.30':
    resolution: {integrity: sha512-6Q7lr06bEHdlfplU6YRbgG1SFBdlsfNC4/lX+SkhiTs0cpJkOElmWls8PxDFv4yY/xKb8Y6SO0OmSX4wgqTZbA==}

  '@types/react-dom@19.1.3':
    resolution: {integrity: sha512-rJXC08OG0h3W6wDMFxQrZF00Kq6qQvw0djHRdzl3U5DnIERz0MRce3WVc7IS6JYBwtaP/DwYtRRjVlvivNveKg==}
    peerDependencies:
      '@types/react': ^19.0.0

  '@types/react@19.1.3':
    resolution: {integrity: sha512-dLWQ+Z0CkIvK1J8+wrDPwGxEYFA4RAyHoZPxHVGspYmFVnwGSNT24cGIhFJrtfRnWVuW8X7NO52gCXmhkVUWGQ==}

  ansis@4.1.0:
    resolution: {integrity: sha512-BGcItUBWSMRgOCe+SVZJ+S7yTRG0eGt9cXAHev72yuGcY23hnLA7Bky5L/xLyPINoSN95geovfBkqoTlNZYa7w==}
    engines: {node: '>=14'}

  csstype@3.1.3:
    resolution: {integrity: sha512-M1uQkMl8rQK/szD0LNhtqxIPLpimGm8sOBwU7lLnCpSbTyY3yeU1Vc7l4KT5zT4s/yOxHH5O7tIuuLOCnLADRw==}

  prettier@3.5.3:
    resolution: {integrity: sha512-QQtaxnoDJeAkDvDKWCLiwIXkTgRhwYDEQCghU9Z6q03iyek/rxRh/2lC3HB7P8sWT2xC/y5JDctPLBIGzHKbhw==}
    engines: {node: '>=14'}
    hasBin: true

  react-dom@19.1.0:
    resolution: {integrity: sha512-Xs1hdnE+DyKgeHJeJznQmYMIBG3TKIHJJT95Q58nHLSrElKlGQqDTR2HQ9fx5CN/Gk6Vh/kupBTDLU11/nDk/g==}
    peerDependencies:
      react: ^19.1.0

  react@19.1.0:
    resolution: {integrity: sha512-FS+XFBNvn3GTAWq26joslQgWNoFu08F4kl0J4CgdNKADkdSGXQyTCnKteIAJy96Br6YbpEU1LSzV5dYtjMkMDg==}
    engines: {node: '>=0.10.0'}

  rolldown@1.0.0-beta.11:
    resolution: {integrity: sha512-6rtV51moX6Xl3BVLVqzUALdITog4MdVcnnf0pBW0PLJYrjDTQDWB3a4uYeFjRvQp/3ZkBAEIilz6+xvTBy23dw==}
    hasBin: true

  scheduler@0.26.0:
    resolution: {integrity: sha512-NlHwttCI/l5gCPR3D1nNXtWABUmBwvZpEQiD4IXSbIDq8BzLIK/7Ir5gTFSGZDUu37K5cMNp0hFtzO38sC7gWA==}

  tslib@2.8.1:
    resolution: {integrity: sha512-oJFu94HQb+KVduSUQL7wnpmqnfmLsOA/nAh6b6EH0wCEoK0/mPeXU6c3wKDV83MkOuHPRHtSXKKU99IBazS/2w==}

  typescript@5.8.3:
    resolution: {integrity: sha512-p1diW6TqL9L07nNxvRMM7hMMw4c5XOo/1ibL4aAIGmSAt9slTE1Xgw5KWuof2uTOvCg9BY7ZRi+GaF+7sfgPeQ==}
    engines: {node: '>=14.17'}
    hasBin: true

  undici-types@6.21.0:
    resolution: {integrity: sha512-iwDZqg0QAGrg9Rav5H4n0M64c3mkR59cJ6wQp+7C4nI0gsmExaedaYLNO44eT4AtBBwjbTiGPMlt2Md0T9H9JQ==}

snapshots:

  '@emnapi/core@1.4.3':
    dependencies:
      '@emnapi/wasi-threads': 1.0.2
      tslib: 2.8.1
    optional: true

  '@emnapi/runtime@1.4.3':
    dependencies:
      tslib: 2.8.1
    optional: true

  '@emnapi/wasi-threads@1.0.2':
    dependencies:
      tslib: 2.8.1
    optional: true

  '@marcalexiei/prettier-config@1.1.1(prettier@3.5.3)':
    dependencies:
      prettier: 3.5.3

  '@napi-rs/wasm-runtime@0.2.10':
    dependencies:
      '@emnapi/core': 1.4.3
      '@emnapi/runtime': 1.4.3
      '@tybys/wasm-util': 0.9.0
    optional: true

  '@oxc-project/runtime@0.72.2': {}

  '@oxc-project/types@0.72.2': {}

  '@rolldown/binding-darwin-arm64@1.0.0-beta.11':
    optional: true

  '@rolldown/binding-darwin-x64@1.0.0-beta.11':
    optional: true

  '@rolldown/binding-freebsd-x64@1.0.0-beta.11':
    optional: true

  '@rolldown/binding-linux-arm-gnueabihf@1.0.0-beta.11':
    optional: true

  '@rolldown/binding-linux-arm64-gnu@1.0.0-beta.11':
    optional: true

  '@rolldown/binding-linux-arm64-musl@1.0.0-beta.11':
    optional: true

  '@rolldown/binding-linux-x64-gnu@1.0.0-beta.11':
    optional: true

  '@rolldown/binding-linux-x64-musl@1.0.0-beta.11':
    optional: true

  '@rolldown/binding-wasm32-wasi@1.0.0-beta.11':
    dependencies:
      '@napi-rs/wasm-runtime': 0.2.10
    optional: true

  '@rolldown/binding-win32-arm64-msvc@1.0.0-beta.11':
    optional: true

  '@rolldown/binding-win32-ia32-msvc@1.0.0-beta.11':
    optional: true

  '@rolldown/binding-win32-x64-msvc@1.0.0-beta.11':
    optional: true

  '@rolldown/pluginutils@1.0.0-beta.11': {}

  '@tybys/wasm-util@0.9.0':
    dependencies:
      tslib: 2.8.1
    optional: true

  '@types/node@22.15.30':
    dependencies:
      undici-types: 6.21.0

  '@types/react-dom@19.1.3(@types/react@19.1.3)':
    dependencies:
      '@types/react': 19.1.3

  '@types/react@19.1.3':
    dependencies:
      csstype: 3.1.3

  ansis@4.1.0: {}

  csstype@3.1.3: {}

  prettier@3.5.3: {}

  react-dom@19.1.0(react@19.1.0):
    dependencies:
      react: 19.1.0
      scheduler: 0.26.0

  react@19.1.0: {}

  rolldown@1.0.0-beta.11:
    dependencies:
      '@oxc-project/runtime': 0.72.2
      '@oxc-project/types': 0.72.2
      '@rolldown/pluginutils': 1.0.0-beta.11
      ansis: 4.1.0
    optionalDependencies:
      '@rolldown/binding-darwin-arm64': 1.0.0-beta.11
      '@rolldown/binding-darwin-x64': 1.0.0-beta.11
      '@rolldown/binding-freebsd-x64': 1.0.0-beta.11
      '@rolldown/binding-linux-arm-gnueabihf': 1.0.0-beta.11
      '@rolldown/binding-linux-arm64-gnu': 1.0.0-beta.11
      '@rolldown/binding-linux-arm64-musl': 1.0.0-beta.11
      '@rolldown/binding-linux-x64-gnu': 1.0.0-beta.11
      '@rolldown/binding-linux-x64-musl': 1.0.0-beta.11
      '@rolldown/binding-wasm32-wasi': 1.0.0-beta.11
      '@rolldown/binding-win32-arm64-msvc': 1.0.0-beta.11
      '@rolldown/binding-win32-ia32-msvc': 1.0.0-beta.11
      '@rolldown/binding-win32-x64-msvc': 1.0.0-beta.11

  scheduler@0.26.0: {}

  tslib@2.8.1:
    optional: true

  typescript@5.8.3: {}

  undici-types@6.21.0: {}
